PODS:
  - Alamofire (5.4.4)
  - JGProgressHUD (2.2)

DEPENDENCIES:
  - Alamofire (~> 5.4)
  - JGProgressHUD

SPEC REPOS:
  trunk:
    - Alamofire
    - JGProgressHUD

SPEC CHECKSUMS:
  Alamofire: f3b09a368f1582ab751b3fff5460276e0d2cf5c9
  JGProgressHUD: d83d7a981b85d11205e19ff8ad5bb9c40571c847

PODFILE CHECKSUM: e48489a68fe994edab27dfc11cbb0f4f2deeeb97

COCOAPODS: 1.10.2
